
Microsoft Visual Studio Solution File, Format Version 12.00
# Visual Studio Version 17
VisualStudioVersion = 17.9.34728.123
MinimumVisualStudioVersion = 10.0.40219.1
Project("{FAE04EC0-301F-11D3-BF4B-00C04F79EFBC}") = "Ordem Crecente", "Ordem Crecente\Ordem Crecente.csproj", "{154AAB12-FBEB-4B45-A31E-673905713110}"
EndProject
Global
	GlobalSection(SolutionConfigurationPlatforms) = preSolution
		Debug|Any CPU = Debug|Any CPU
		Release|Any CPU = Release|Any CPU
	EndGlobalSection
	GlobalSection(ProjectConfigurationPlatforms) = postSolution
		{154AAB12-FBEB-4B45-A31E-673905713110}.Debug|Any CPU.ActiveCfg = Debug|Any CPU
		{154AAB12-FBEB-4B45-A31E-673905713110}.Debug|Any CPU.Build.0 = Debug|Any CPU
		{154AAB12-FBEB-4B45-A31E-673905713110}.Release|Any CPU.ActiveCfg = Release|Any CPU
		{154AAB12-FBEB-4B45-A31E-673905713110}.Release|Any CPU.Build.0 = Release|Any CPU
	EndGlobalSection
	GlobalSection(SolutionProperties) = preSolution
		HideSolutionNode = FALSE
	EndGlobalSection
	GlobalSection(ExtensibilityGlobals) = postSolution
		SolutionGuid = {3AB3468B-31E8-442E-897F-5C56B6AF5157}
	EndGlobalSection
EndGlobal
